
Microsoft Visual Studio Solution File, Format Version 12.00
# Visual Studio 15
VisualStudioVersion = 15.0.27130.2027
MinimumVisualStudioVersion = 10.0.40219.1
Project("{FAE04EC0-301F-11D3-BF4B-00C04F79EFBC}") = "xmorav32", "xmorav32\xmorav32.csproj", "{86BD72D3-1E15-4BB9-B064-4F536716ED12}"
EndProject
Global
	GlobalSection(SolutionConfigurationPlatforms) = preSolution
		Debug|Any CPU = Debug|Any CPU
		Release|Any CPU = Release|Any CPU
	EndGlobalSection
	GlobalSection(ProjectConfigurationPlatforms) = postSolution
		{86BD72D3-1E15-4BB9-B064-4F536716ED12}.Debug|Any CPU.ActiveCfg = Debug|Any CPU
		{86BD72D3-1E15-4BB9-B064-4F536716ED12}.Debug|Any CPU.Build.0 = Debug|Any CPU
		{86BD72D3-1E15-4BB9-B064-4F536716ED12}.Release|Any CPU.ActiveCfg = Release|Any CPU
		{86BD72D3-1E15-4BB9-B064-4F536716ED12}.Release|Any CPU.Build.0 = Release|Any CPU
	EndGlobalSection
	GlobalSection(SolutionProperties) = preSolution
		HideSolutionNode = FALSE
	EndGlobalSection
	GlobalSection(ExtensibilityGlobals) = postSolution
		SolutionGuid = {5FAB1CEF-ACBC-4107-ABF2-1AC22C5AB184}
	EndGlobalSection
EndGlobal
